
Microsoft Visual Studio Solution File, Format Version 12.00
# Visual Studio 15
VisualStudioVersion = 15.0.27428.2043
MinimumVisualStudioVersion = 10.0.40219.1
Project("{FAE04EC0-301F-11D3-BF4B-00C04F79EFBC}") = "April", "April\April.csproj", "{3D3EF48A-BA65-4212-8E96-2FE30D2AD218}"
EndProject
Project("{FAE04EC0-301F-11D3-BF4B-00C04F79EFBC}") = "April.Core", "April.Core\April.Core.csproj", "{CF22A84D-5D7D-48C5-92B7-33FADBD22DCA}"
EndProject
Project("{2150E333-8FDC-42A3-9474-1A3956D46DE8}") = "Test", "Test", "{EF3FE85B-D76D-40D2-BA08-EF3D37DDBAE4}"
EndProject
Project("{FAE04EC0-301F-11D3-BF4B-00C04F79EFBC}") = "IocTest", "IocTest\IocTest.csproj", "{6330181C-ADD5-4DD4-B9FA-67D2492ACB14}"
EndProject
Project("{2150E333-8FDC-42A3-9474-1A3956D46DE8}") = "Infrastructure", "Infrastructure", "{D8FACF76-F911-42EA-BD7A-CDDFD2C14A38}"
EndProject
Project("{FAE04EC0-301F-11D3-BF4B-00C04F79EFBC}") = "April.Uow", "April.Uow\April.Uow.csproj", "{74C03A1F-ABA1-4800-9834-A5E3EBA095A7}"
EndProject
Project("{FAE04EC0-301F-11D3-BF4B-00C04F79EFBC}") = "April.EntityFramework", "April.EntityFramework\April.EntityFramework.csproj", "{91EA306A-F187-4A25-89E4-E35DE7F4D333}"
EndProject
Project("{FAE04EC0-301F-11D3-BF4B-00C04F79EFBC}") = "WebTest", "WebTest\WebTest.csproj", "{B22F78AD-AE02-4D58-908F-2869744FCDFC}"
EndProject
Project("{FAE04EC0-301F-11D3-BF4B-00C04F79EFBC}") = "April.Web", "April.Auditing\April.Web.csproj", "{D6787912-14A0-4B28-B483-2A160EDEADBF}"
EndProject
Project("{FAE04EC0-301F-11D3-BF4B-00C04F79EFBC}") = "April.Common", "April.Common\April.Common.csproj", "{E715404E-620B-4100-B2B9-840E62759DEE}"
EndProject
Project("{2150E333-8FDC-42A3-9474-1A3956D46DE8}") = "UI", "UI", "{E03A4E47-4771-40D1-A48C-7AA4A30782E2}"
EndProject
Project("{2150E333-8FDC-42A3-9474-1A3956D46DE8}") = "Domain", "Domain", "{551AC242-E779-4291-AD04-28296B497A38}"
EndProject
Project("{FAE04EC0-301F-11D3-BF4B-00C04F79EFBC}") = "Domain.Core", "Domain.Core\Domain.Core.csproj", "{5598BAD8-87C3-4398-BD42-0157300CA1BC}"
EndProject
Project("{FAE04EC0-301F-11D3-BF4B-00C04F79EFBC}") = "Domain.EntityFramework", "Domain.EntityFramework\Domain.EntityFramework.csproj", "{5FDA24AF-1C16-45FD-90E7-CCC91D8D48B5}"
EndProject
Project("{FAE04EC0-301F-11D3-BF4B-00C04F79EFBC}") = "Domain.Common", "Domain.Common\Domain.Common.csproj", "{B69CD548-BCA7-4E4B-8C55-FB18FB534BE0}"
EndProject
Project("{FAE04EC0-301F-11D3-BF4B-00C04F79EFBC}") = "AprilWebApi", "AprilWebApi\AprilWebApi.csproj", "{0CEA83CB-06B0-471A-97EF-0594B911BD03}"
EndProject
Project("{2150E333-8FDC-42A3-9474-1A3956D46DE8}") = "Services", "Services", "{8ABE0DE6-3488-4A28-88D1-CFE94219FF1C}"
EndProject
Project("{FAE04EC0-301F-11D3-BF4B-00C04F79EFBC}") = "April.Application", "April.Application\April.Application.csproj", "{3402A32F-703A-4F57-B16F-3509E60DA2B9}"
EndProject
Project("{FAE04EC0-301F-11D3-BF4B-00C04F79EFBC}") = "April.ServiceStack.Redis", "April.ServiceStack.Redis\April.ServiceStack.Redis.csproj", "{88A5FE81-BD43-4D27-B363-6F6F02A9B2BD}"
EndProject
Global
	GlobalSection(SolutionConfigurationPlatforms) = preSolution
		Debug|Any CPU = Debug|Any CPU
		Release|Any CPU = Release|Any CPU
	EndGlobalSection
	GlobalSection(ProjectConfigurationPlatforms) = postSolution
		{3D3EF48A-BA65-4212-8E96-2FE30D2AD218}.Debug|Any CPU.ActiveCfg = Debug|Any CPU
		{3D3EF48A-BA65-4212-8E96-2FE30D2AD218}.Debug|Any CPU.Build.0 = Debug|Any CPU
		{3D3EF48A-BA65-4212-8E96-2FE30D2AD218}.Release|Any CPU.ActiveCfg = Release|Any CPU
		{3D3EF48A-BA65-4212-8E96-2FE30D2AD218}.Release|Any CPU.Build.0 = Release|Any CPU
		{CF22A84D-5D7D-48C5-92B7-33FADBD22DCA}.Debug|Any CPU.ActiveCfg = Debug|Any CPU
		{CF22A84D-5D7D-48C5-92B7-33FADBD22DCA}.Debug|Any CPU.Build.0 = Debug|Any CPU
		{CF22A84D-5D7D-48C5-92B7-33FADBD22DCA}.Release|Any CPU.ActiveCfg = Release|Any CPU
		{CF22A84D-5D7D-48C5-92B7-33FADBD22DCA}.Release|Any CPU.Build.0 = Release|Any CPU
		{6330181C-ADD5-4DD4-B9FA-67D2492ACB14}.Debug|Any CPU.ActiveCfg = Debug|Any CPU
		{6330181C-ADD5-4DD4-B9FA-67D2492ACB14}.Debug|Any CPU.Build.0 = Debug|Any CPU
		{6330181C-ADD5-4DD4-B9FA-67D2492ACB14}.Release|Any CPU.ActiveCfg = Release|Any CPU
		{6330181C-ADD5-4DD4-B9FA-67D2492ACB14}.Release|Any CPU.Build.0 = Release|Any CPU
		{74C03A1F-ABA1-4800-9834-A5E3EBA095A7}.Debug|Any CPU.ActiveCfg = Debug|Any CPU
		{74C03A1F-ABA1-4800-9834-A5E3EBA095A7}.Debug|Any CPU.Build.0 = Debug|Any CPU
		{74C03A1F-ABA1-4800-9834-A5E3EBA095A7}.Release|Any CPU.ActiveCfg = Release|Any CPU
		{74C03A1F-ABA1-4800-9834-A5E3EBA095A7}.Release|Any CPU.Build.0 = Release|Any CPU
		{91EA306A-F187-4A25-89E4-E35DE7F4D333}.Debug|Any CPU.ActiveCfg = Debug|Any CPU
		{91EA306A-F187-4A25-89E4-E35DE7F4D333}.Debug|Any CPU.Build.0 = Debug|Any CPU
		{91EA306A-F187-4A25-89E4-E35DE7F4D333}.Release|Any CPU.ActiveCfg = Release|Any CPU
		{91EA306A-F187-4A25-89E4-E35DE7F4D333}.Release|Any CPU.Build.0 = Release|Any CPU
		{B22F78AD-AE02-4D58-908F-2869744FCDFC}.Debug|Any CPU.ActiveCfg = Debug|Any CPU
		{B22F78AD-AE02-4D58-908F-2869744FCDFC}.Debug|Any CPU.Build.0 = Debug|Any CPU
		{B22F78AD-AE02-4D58-908F-2869744FCDFC}.Release|Any CPU.ActiveCfg = Release|Any CPU
		{B22F78AD-AE02-4D58-908F-2869744FCDFC}.Release|Any CPU.Build.0 = Release|Any CPU
		{D6787912-14A0-4B28-B483-2A160EDEADBF}.Debug|Any CPU.ActiveCfg = Debug|Any CPU
		{D6787912-14A0-4B28-B483-2A160EDEADBF}.Debug|Any CPU.Build.0 = Debug|Any CPU
		{D6787912-14A0-4B28-B483-2A160EDEADBF}.Release|Any CPU.ActiveCfg = Release|Any CPU
		{D6787912-14A0-4B28-B483-2A160EDEADBF}.Release|Any CPU.Build.0 = Release|Any CPU
		{E715404E-620B-4100-B2B9-840E62759DEE}.Debug|Any CPU.ActiveCfg = Debug|Any CPU
		{E715404E-620B-4100-B2B9-840E62759DEE}.Debug|Any CPU.Build.0 = Debug|Any CPU
		{E715404E-620B-4100-B2B9-840E62759DEE}.Release|Any CPU.ActiveCfg = Release|Any CPU
		{E715404E-620B-4100-B2B9-840E62759DEE}.Release|Any CPU.Build.0 = Release|Any CPU
		{5598BAD8-87C3-4398-BD42-0157300CA1BC}.Debug|Any CPU.ActiveCfg = Debug|Any CPU
		{5598BAD8-87C3-4398-BD42-0157300CA1BC}.Debug|Any CPU.Build.0 = Debug|Any CPU
		{5598BAD8-87C3-4398-BD42-0157300CA1BC}.Release|Any CPU.ActiveCfg = Release|Any CPU
		{5598BAD8-87C3-4398-BD42-0157300CA1BC}.Release|Any CPU.Build.0 = Release|Any CPU
		{5FDA24AF-1C16-45FD-90E7-CCC91D8D48B5}.Debug|Any CPU.ActiveCfg = Debug|Any CPU
		{5FDA24AF-1C16-45FD-90E7-CCC91D8D48B5}.Debug|Any CPU.Build.0 = Debug|Any CPU
		{5FDA24AF-1C16-45FD-90E7-CCC91D8D48B5}.Release|Any CPU.ActiveCfg = Release|Any CPU
		{5FDA24AF-1C16-45FD-90E7-CCC91D8D48B5}.Release|Any CPU.Build.0 = Release|Any CPU
		{B69CD548-BCA7-4E4B-8C55-FB18FB534BE0}.Debug|Any CPU.ActiveCfg = Debug|Any CPU
		{B69CD548-BCA7-4E4B-8C55-FB18FB534BE0}.Debug|Any CPU.Build.0 = Debug|Any CPU
		{B69CD548-BCA7-4E4B-8C55-FB18FB534BE0}.Release|Any CPU.ActiveCfg = Release|Any CPU
		{B69CD548-BCA7-4E4B-8C55-FB18FB534BE0}.Release|Any CPU.Build.0 = Release|Any CPU
		{0CEA83CB-06B0-471A-97EF-0594B911BD03}.Debug|Any CPU.ActiveCfg = Debug|Any CPU
		{0CEA83CB-06B0-471A-97EF-0594B911BD03}.Debug|Any CPU.Build.0 = Debug|Any CPU
		{0CEA83CB-06B0-471A-97EF-0594B911BD03}.Release|Any CPU.ActiveCfg = Release|Any CPU
		{0CEA83CB-06B0-471A-97EF-0594B911BD03}.Release|Any CPU.Build.0 = Release|Any CPU
		{3402A32F-703A-4F57-B16F-3509E60DA2B9}.Debug|Any CPU.ActiveCfg = Debug|Any CPU
		{3402A32F-703A-4F57-B16F-3509E60DA2B9}.Debug|Any CPU.Build.0 = Debug|Any CPU
		{3402A32F-703A-4F57-B16F-3509E60DA2B9}.Release|Any CPU.ActiveCfg = Release|Any CPU
		{3402A32F-703A-4F57-B16F-3509E60DA2B9}.Release|Any CPU.Build.0 = Release|Any CPU
		{88A5FE81-BD43-4D27-B363-6F6F02A9B2BD}.Debug|Any CPU.ActiveCfg = Debug|Any CPU
		{88A5FE81-BD43-4D27-B363-6F6F02A9B2BD}.Debug|Any CPU.Build.0 = Debug|Any CPU
		{88A5FE81-BD43-4D27-B363-6F6F02A9B2BD}.Release|Any CPU.ActiveCfg = Release|Any CPU
		{88A5FE81-BD43-4D27-B363-6F6F02A9B2BD}.Release|Any CPU.Build.0 = Release|Any CPU
	EndGlobalSection
	GlobalSection(SolutionProperties) = preSolution
		HideSolutionNode = FALSE
	EndGlobalSection
	GlobalSection(NestedProjects) = preSolution
		{3D3EF48A-BA65-4212-8E96-2FE30D2AD218} = {E03A4E47-4771-40D1-A48C-7AA4A30782E2}
		{CF22A84D-5D7D-48C5-92B7-33FADBD22DCA} = {D8FACF76-F911-42EA-BD7A-CDDFD2C14A38}
		{6330181C-ADD5-4DD4-B9FA-67D2492ACB14} = {EF3FE85B-D76D-40D2-BA08-EF3D37DDBAE4}
		{74C03A1F-ABA1-4800-9834-A5E3EBA095A7} = {D8FACF76-F911-42EA-BD7A-CDDFD2C14A38}
		{91EA306A-F187-4A25-89E4-E35DE7F4D333} = {D8FACF76-F911-42EA-BD7A-CDDFD2C14A38}
		{B22F78AD-AE02-4D58-908F-2869744FCDFC} = {EF3FE85B-D76D-40D2-BA08-EF3D37DDBAE4}
		{D6787912-14A0-4B28-B483-2A160EDEADBF} = {D8FACF76-F911-42EA-BD7A-CDDFD2C14A38}
		{E715404E-620B-4100-B2B9-840E62759DEE} = {D8FACF76-F911-42EA-BD7A-CDDFD2C14A38}
		{5598BAD8-87C3-4398-BD42-0157300CA1BC} = {551AC242-E779-4291-AD04-28296B497A38}
		{5FDA24AF-1C16-45FD-90E7-CCC91D8D48B5} = {551AC242-E779-4291-AD04-28296B497A38}
		{B69CD548-BCA7-4E4B-8C55-FB18FB534BE0} = {551AC242-E779-4291-AD04-28296B497A38}
		{0CEA83CB-06B0-471A-97EF-0594B911BD03} = {E03A4E47-4771-40D1-A48C-7AA4A30782E2}
		{3402A32F-703A-4F57-B16F-3509E60DA2B9} = {8ABE0DE6-3488-4A28-88D1-CFE94219FF1C}
		{88A5FE81-BD43-4D27-B363-6F6F02A9B2BD} = {D8FACF76-F911-42EA-BD7A-CDDFD2C14A38}
	EndGlobalSection
	GlobalSection(ExtensibilityGlobals) = postSolution
		SolutionGuid = {6226AE68-0D96-4DE4-B6DF-9C5D89CCEA34}
	EndGlobalSection
EndGlobal
